// !$*UTF8*$!
{
	archiveVersion = 1;
	classes = {
	};
	objectVersion = 46;
	objects = {

/* Begin PBXBuildFile section */
		78A6C6C01A6830C400C999FC /* MyFirstPodProject.h in CopyFiles */ = {isa = PBXBuildFile; fileRef = 78A6C6BF1A6830C400C999FC /* MyFirstPodProject.h */; };
		78A6C6C21A6830C400C999FC /* MyFirstPodProject.m in Sources */ = {isa = PBXBuildFile; fileRef = 78A6C6C11A6830C400C999FC /* MyFirstPodProject.m */; };
/* End PBXBuildFile section */

/* Begin PBXCopyFilesBuildPhase section */
		78A6C6BA1A6830C400C999FC /* CopyFiles */ = {
			isa = PBXCopyFilesBuildPhase;
			buildActionMask = 2147483647;
			dstPath = "include/$(PRODUCT_NAME)";
			dstSubfolderSpec = 16;
			files = (
				78A6C6C01A6830C400C999FC /* MyFirstPodProject.h in CopyFiles */,
			);
			runOnlyForDeploymentPostprocessing = 0;
		};
/* End PBXCopyFilesBuildPhase section */

/* Begin PBXFileReference section */
		78A6C6BC1A6830C400C999FC /* libMyFirstPodProject.a */ = {isa = PBXFileReference; explicitFileType = archive.ar; includeInIndex = 0; path = libMyFirstPodProject.a; sourceTree = BUILT_PRODUCTS_DIR; };
		78A6C6BF1A6830C400C999FC /* MyFirstPodProject.h */ = {isa = PBXFileReference; lastKnownFileType = sourcecode.c.h; path = MyFirstPodProject.h; sourceTree = "<group>"; };
		78A6C6C11A6830C400C999FC /* MyFirstPodProject.m */ = {isa = PBXFileReference; lastKnownFileType = sourcecode.c.objc; path = MyFirstPodProject.m; sourceTree = "<group>"; };
		78A6C6CD1A6830C400C999FC /* Info.plist */ = {isa = PBXFileReference; lastKnownFileType = text.plist.xml; path = Info.plist; sourceTree = "<group>"; };
/* End PBXFileReference section */

/* Begin PBXFrameworksBuildPhase section */
		78A6C6B91A6830C400C999FC /* Frameworks */ = {
			isa = PBXFrameworksBuildPhase;
			buildActionMask = 2147483647;
			files = (
			);
			runOnlyForDeploymentPostprocessing = 0;
		};
/* End PBXFrameworksBuildPhase section */

/* Begin PBXGroup section */
		78A6C6B31A6830C400C999FC = {
			isa = PBXGroup;
			children = (
				78A6C6BE1A6830C400C999FC /* MyFirstPodProject */,
				78A6C6CB1A6830C400C999FC /* MyFirstPodProjectTests */,
				78A6C6BD1A6830C400C999FC /* Products */,
			);
			sourceTree = "<group>";
		};
		78A6C6BD1A6830C400C999FC /* Products */ = {
			isa = PBXGroup;
			children = (
				78A6C6BC1A6830C400C999FC /* libMyFirstPodProject.a */,
			);
			name = Products;
			sourceTree = "<group>";
		};
		78A6C6BE1A6830C400C999FC /* MyFirstPodProject */ = {
			isa = PBXGroup;
			children = (
				78A6C6BF1A6830C400C999FC /* MyFirstPodProject.h */,
				78A6C6C11A6830C400C999FC /* MyFirstPodProject.m */,
			);
			path = MyFirstPodProject;
			sourceTree = "<group>";
		};
		78A6C6CB1A6830C400C999FC /* MyFirstPodProjectTests */ = {
			isa = PBXGroup;
			children = (
				78A6C6CC1A6830C400C999FC /* Supporting Files */,
			);
			path = MyFirstPodProjectTests;
			sourceTree = "<group>";
		};
		78A6C6CC1A6830C400C999FC /* Supporting Files */ = {
			isa = PBXGroup;
			children = (
				78A6C6CD1A6830C400C999FC /* Info.plist */,
			);
			name = "Supporting Files";
			sourceTree = "<group>";
		};
/* End PBXGroup section */

/* Begin PBXNativeTarget section */
		78A6C6BB1A6830C400C999FC /* MyFirstPodProject */ = {
			isa = PBXNativeTarget;
			buildConfigurationList = 78A6C6D01A6830C400C999FC /* Build configuration list for PBXNativeTarget "MyFirstPodProject" */;
			buildPhases = (
				78A6C6B81A6830C400C999FC /* Sources */,
				78A6C6B91A6830C400C999FC /* Frameworks */,
				78A6C6BA1A6830C400C999FC /* CopyFiles */,
			);
			buildRules = (
			);
			dependencies = (
			);
			name = MyFirstPodProject;
			productName = MyFirstPodProject;
			productReference = 78A6C6BC1A6830C400C999FC /* libMyFirstPodProject.a */;
			productType = "com.apple.product-type.library.static";
		};
/* End PBXNativeTarget section */

/* Begin PBXProject section */
		78A6C6B41A6830C400C999FC /* Project object */ = {
			isa = PBXProject;
			attributes = {
				LastUpgradeCheck = 0610;
				ORGANIZATIONNAME = iappscrazy;
				TargetAttributes = {
					78A6C6BB1A6830C400C999FC = {
						CreatedOnToolsVersion = 6.1.1;
					};
				};
			};
			buildConfigurationList = 78A6C6B71A6830C400C999FC /* Build configuration list for PBXProject "MyFirstPodProject" */;
			compatibilityVersion = "Xcode 3.2";
			developmentRegion = English;
			hasScannedForEncodings = 0;
			knownRegions = (
				en,
			);
			mainGroup = 78A6C6B31A6830C400C999FC;
			productRefGroup = 78A6C6BD1A6830C400C999FC /* Products */;
			projectDirPath = "";
			projectRoot = "";
			targets = (
				78A6C6BB1A6830C400C999FC /* MyFirstPodProject */,
			);
		};
/* End PBXProject section */

/* Begin PBXSourcesBuildPhase section */
		78A6C6B81A6830C400C999FC /* Sources */ = {
			isa = PBXSourcesBuildPhase;
			buildActionMask = 2147483647;
			files = (
				78A6C6C21A6830C400C999FC /* MyFirstPodProject.m in Sources */,
			);
			runOnlyForDeploymentPostprocessing = 0;
		};
/* End PBXSourcesBuildPhase section */

/* Begin XCBuildConfiguration section */
		78A6C6CE1A6830C400C999FC /* Debug */ = {
			isa = XCBuildConfiguration;
			buildSettings = {
				ALWAYS_SEARCH_USER_PATHS = NO;
				CLANG_CXX_LANGUAGE_STANDARD = "gnu++0x";
				CLANG_CXX_LIBRARY = "libc++";
				CLANG_ENABLE_MODULES = YES;
				CLANG_ENABLE_OBJC_ARC = YES;
				CLANG_WARN_BOOL_CONVERSION = YES;
				CLANG_WARN_CONSTANT_CONVERSION = YES;
				CLANG_WARN_DIRECT_OBJC_ISA_USAGE = YES_ERROR;
				CLANG_WARN_EMPTY_BODY = YES;
				CLANG_WARN_ENUM_CONVERSION = YES;
				CLANG_WARN_INT_CONVERSION = YES;
				CLANG_WARN_OBJC_ROOT_CLASS = YES_ERROR;
				CLANG_WARN_UNREACHABLE_CODE = YES;
				CLANG_WARN__DUPLICATE_METHOD_MATCH = YES;
				COPY_PHASE_STRIP = NO;
				ENABLE_STRICT_OBJC_MSGSEND = YES;
				GCC_C_LANGUAGE_STANDARD = gnu99;
				GCC_DYNAMIC_NO_PIC = NO;
				GCC_OPTIMIZATION_LEVEL = 0;
				GCC_PREPROCESSOR_DEFINITIONS = (
					"DEBUG=1",
					"$(inherited)",
				);
				GCC_SYMBOLS_PRIVATE_EXTERN = NO;
				GCC_WARN_64_TO_32_BIT_CONVERSION = YES;
				GCC_WARN_ABOUT_RETURN_TYPE = YES_ERROR;
				GCC_WARN_UNDECLARED_SELECTOR = YES;
				GCC_WARN_UNINITIALIZED_AUTOS = YES_AGGRESSIVE;
				GCC_WARN_UNUSED_FUNCTION = YES;
				GCC_WARN_UNUSED_VARIABLE = YES;
				IPHONEOS_DEPLOYMENT_TARGET = 8.1;
				MTL_ENABLE_DEBUG_INFO = YES;
				ONLY_ACTIVE_ARCH = YES;
				SDKROOT = iphoneos;
			};
			name = Debug;
		};
		78A6C6CF1A6830C400C999FC /* Release */ = {
			isa = XCBuildConfiguration;
			buildSettings = {
				ALWAYS_SEARCH_USER_PATHS = NO;
				CLANG_CXX_LANGUAGE_STANDARD = "gnu++0x";
				CLANG_CXX_LIBRARY = "libc++";
				CLANG_ENABLE_MODULES = YES;
				CLANG_ENABLE_OBJC_ARC = YES;
				CLANG_WARN_BOOL_CONVERSION = YES;
				CLANG_WARN_CONSTANT_CONVERSION = YES;
				CLANG_WARN_DIRECT_OBJC_ISA_USAGE = YES_ERROR;
				CLANG_WARN_EMPTY_BODY = YES;
				CLANG_WARN_ENUM_CONVERSION = YES;
				CLANG_WARN_INT_CONVERSION = YES;
				CLANG_WARN_OBJC_ROOT_CLASS = YES_ERROR;
				CLANG_WARN_UNREACHABLE_CODE = YES;
				CLANG_WARN__DUPLICATE_METHOD_MATCH = YES;
				COPY_PHASE_STRIP = YES;
				ENABLE_NS_ASSERTIONS = NO;
				ENABLE_STRICT_OBJC_MSGSEND = YES;
				GCC_C_LANGUAGE_STANDARD = gnu99;
				GCC_WARN_64_TO_32_BIT_CONVERSION = YES;
				GCC_WARN_ABOUT_RETURN_TYPE = YES_ERROR;
				GCC_WARN_UNDECLARED_SELECTOR = YES;
				GCC_WARN_UNINITIALIZED_AUTOS = YES_AGGRESSIVE;
				GCC_WARN_UNUSED_FUNCTION = YES;
				GCC_WARN_UNUSED_VARIABLE = YES;
				IPHONEOS_DEPLOYMENT_TARGET = 8.1;
				MTL_ENABLE_DEBUG_INFO = NO;
				SDKROOT = iphoneos;
				VALIDATE_PRODUCT = YES;
			};
			name = Release;
		};
		78A6C6D11A6830C400C999FC /* Debug */ = {
			isa = XCBuildConfiguration;
			buildSettings = {
				CODE_SIGN_IDENTITY = "iOS Development: balagurubaran kalingarayan (23U832RS9A)";
				OTHER_LDFLAGS = "-ObjC";
				PRODUCT_NAME = "$(TARGET_NAME)";
				PROVISIONING_PROFILE = "b8b7b8c3-a9d6-4732-a612-1c2324f8ac5d";
				SKIP_INSTALL = YES;
			};
			name = Debug;
		};
		78A6C6D21A6830C400C999FC /* Release */ = {
			isa = XCBuildConfiguration;
			buildSettings = {
				CODE_SIGN_IDENTITY = "iOS Development: balagurubaran kalingarayan (23U832RS9A)";
				OTHER_LDFLAGS = "-ObjC";
				PRODUCT_NAME = "$(TARGET_NAME)";
				PROVISIONING_PROFILE = "b8b7b8c3-a9d6-4732-a612-1c2324f8ac5d";
				SKIP_INSTALL = YES;
			};
			name = Release;
		};
/* End XCBuildConfiguration section */

/* Begin XCConfigurationList section */
		78A6C6B71A6830C400C999FC /* Build configuration list for PBXProject "MyFirstPodProject" */ = {
			isa = XCConfigurationList;
			buildConfigurations = (
				78A6C6CE1A6830C400C999FC /* Debug */,
				78A6C6CF1A6830C400C999FC /* Release */,
			);
			defaultConfigurationIsVisible = 0;
			defaultConfigurationName = Release;
		};
		78A6C6D01A6830C400C999FC /* Build configuration list for PBXNativeTarget "MyFirstPodProject" */ = {
			isa = XCConfigurationList;
			buildConfigurations = (
				78A6C6D11A6830C400C999FC /* Debug */,
				78A6C6D21A6830C400C999FC /* Release */,
			);
			defaultConfigurationIsVisible = 0;
		};
/* End XCConfigurationList section */
	};
	rootObject = 78A6C6B41A6830C400C999FC /* Project object */;
}
